
Microsoft Visual Studio Solution File, Format Version 12.00
# Visual Studio Version 16
VisualStudioVersion = 16.0.29409.12
MinimumVisualStudioVersion = 10.0.40219.1
Project("{FAE04EC0-301F-11D3-BF4B-00C04F79EFBC}") = "BinarySearchTrick", "BinarySearchTrick\BinarySearchTrick.csproj", "{24E65200-C215-42ED-8370-B83151FC39D1}"
EndProject
Global
	GlobalSection(SolutionConfigurationPlatforms) = preSolution
		Debug|Any CPU = Debug|Any CPU
		Release|Any CPU = Release|Any CPU
	EndGlobalSection
	GlobalSection(ProjectConfigurationPlatforms) = postSolution
		{24E65200-C215-42ED-8370-B83151FC39D1}.Debug|Any CPU.ActiveCfg = Debug|Any CPU
		{24E65200-C215-42ED-8370-B83151FC39D1}.Debug|Any CPU.Build.0 = Debug|Any CPU
		{24E65200-C215-42ED-8370-B83151FC39D1}.Release|Any CPU.ActiveCfg = Release|Any CPU
		{24E65200-C215-42ED-8370-B83151FC39D1}.Release|Any CPU.Build.0 = Release|Any CPU
	EndGlobalSection
	GlobalSection(SolutionProperties) = preSolution
		HideSolutionNode = FALSE
	EndGlobalSection
	GlobalSection(ExtensibilityGlobals) = postSolution
		SolutionGuid = {304AF4B3-9AC1-435D-9A6D-3091F7AAFD4D}
	EndGlobalSection
EndGlobal
